
Microsoft Visual Studio Solution File, Format Version 12.00
# Visual Studio 15
VisualStudioVersion = 15.0.27130.2036
MinimumVisualStudioVersion = 10.0.40219.1
Project("{9A19103F-16F7-4668-BE54-9A1E7A4F7556}") = "PsdPlugin", "PsdFile\PsdPlugin.csproj", "{DB85BC23-D376-4BBC-A196-FDA98F3DED89}"
EndProject
Global
	GlobalSection(SolutionConfigurationPlatforms) = preSolution
		Debug|Any CPU = Debug|Any CPU
		Release|Any CPU = Release|Any CPU
	EndGlobalSection
	GlobalSection(ProjectConfigurationPlatforms) = postSolution
		{DB85BC23-D376-4BBC-A196-FDA98F3DED89}.Debug|Any CPU.ActiveCfg = Debug|Any CPU
		{DB85BC23-D376-4BBC-A196-FDA98F3DED89}.Debug|Any CPU.Build.0 = Debug|Any CPU
		{DB85BC23-D376-4BBC-A196-FDA98F3DED89}.Release|Any CPU.ActiveCfg = Release|Any CPU
		{DB85BC23-D376-4BBC-A196-FDA98F3DED89}.Release|Any CPU.Build.0 = Release|Any CPU
	EndGlobalSection
	GlobalSection(SolutionProperties) = preSolution
		HideSolutionNode = FALSE
	EndGlobalSection
	GlobalSection(ExtensibilityGlobals) = postSolution
		SolutionGuid = {99AE8D4A-DD3C-456F-9382-B21B6D217ABE}
	EndGlobalSection
EndGlobal
